
Microsoft Visual Studio Solution File, Format Version 12.00
# Visual Studio Version 16
VisualStudioVersion = 16.0.31729.503
MinimumVisualStudioVersion = 10.0.40219.1
Project("{FAE04EC0-301F-11D3-BF4B-00C04F79EFBC}") = "MeuPrimeiroPrograma", "MeuPrimeiroPrograma\MeuPrimeiroPrograma.csproj", "{9FB9EC61-2FC0-4464-A3CE-587CEF92A86F}"
EndProject
Global
	GlobalSection(SolutionConfigurationPlatforms) = preSolution
		Debug|Any CPU = Debug|Any CPU
		Release|Any CPU = Release|Any CPU
	EndGlobalSection
	GlobalSection(ProjectConfigurationPlatforms) = postSolution
		{9FB9EC61-2FC0-4464-A3CE-587CEF92A86F}.Debug|Any CPU.ActiveCfg = Debug|Any CPU
		{9FB9EC61-2FC0-4464-A3CE-587CEF92A86F}.Debug|Any CPU.Build.0 = Debug|Any CPU
		{9FB9EC61-2FC0-4464-A3CE-587CEF92A86F}.Release|Any CPU.ActiveCfg = Release|Any CPU
		{9FB9EC61-2FC0-4464-A3CE-587CEF92A86F}.Release|Any CPU.Build.0 = Release|Any CPU
	EndGlobalSection
	GlobalSection(SolutionProperties) = preSolution
		HideSolutionNode = FALSE
	EndGlobalSection
	GlobalSection(ExtensibilityGlobals) = postSolution
		SolutionGuid = {2110DEBD-1A99-4558-8508-9423FFF32755}
	EndGlobalSection
EndGlobal
